
Microsoft Visual Studio Solution File, Format Version 12.00
# Visual Studio Version 16
VisualStudioVersion = 16.0.29728.190
MinimumVisualStudioVersion = 10.0.40219.1
Project("{FAE04EC0-301F-11D3-BF4B-00C04F79EFBC}") = "InvokerTests", "InvokerTests\InvokerTests.csproj", "{54C1348F-D6C3-4379-A097-1FFC8299120C}"
EndProject
Project("{FAE04EC0-301F-11D3-BF4B-00C04F79EFBC}") = "Invoker", "Invoker\Invoker.csproj", "{38D77E46-6EAD-4D5A-A52B-16164CF3AA1A}"
EndProject
Global
	GlobalSection(SolutionConfigurationPlatforms) = preSolution
		Debug|Any CPU = Debug|Any CPU
		Release|Any CPU = Release|Any CPU
	EndGlobalSection
	GlobalSection(ProjectConfigurationPlatforms) = postSolution
		{54C1348F-D6C3-4379-A097-1FFC8299120C}.Debug|Any CPU.ActiveCfg = Debug|Any CPU
		{54C1348F-D6C3-4379-A097-1FFC8299120C}.Debug|Any CPU.Build.0 = Debug|Any CPU
		{54C1348F-D6C3-4379-A097-1FFC8299120C}.Release|Any CPU.ActiveCfg = Release|Any CPU
		{54C1348F-D6C3-4379-A097-1FFC8299120C}.Release|Any CPU.Build.0 = Release|Any CPU
		{38D77E46-6EAD-4D5A-A52B-16164CF3AA1A}.Debug|Any CPU.ActiveCfg = Debug|Any CPU
		{38D77E46-6EAD-4D5A-A52B-16164CF3AA1A}.Debug|Any CPU.Build.0 = Debug|Any CPU
		{38D77E46-6EAD-4D5A-A52B-16164CF3AA1A}.Release|Any CPU.ActiveCfg = Release|Any CPU
		{38D77E46-6EAD-4D5A-A52B-16164CF3AA1A}.Release|Any CPU.Build.0 = Release|Any CPU
	EndGlobalSection
	GlobalSection(SolutionProperties) = preSolution
		HideSolutionNode = FALSE
	EndGlobalSection
	GlobalSection(ExtensibilityGlobals) = postSolution
		SolutionGuid = {A0326A85-E958-4E68-9C5D-3A847C16CF75}
	EndGlobalSection
EndGlobal
